
Microsoft Visual Studio Solution File, Format Version 12.00
# Visual Studio Version 17
VisualStudioVersion = 17.9.34723.18
MinimumVisualStudioVersion = 10.0.40219.1
Project("{FAE04EC0-301F-11D3-BF4B-00C04F79EFBC}") = "payto", "payto.csproj", "{79473749-4056-4ACB-8C6E-33D7E4C22A8E}"
EndProject
Global
	GlobalSection(SolutionConfigurationPlatforms) = preSolution
		Debug|Any CPU = Debug|Any CPU
		Release|Any CPU = Release|Any CPU
	EndGlobalSection
	GlobalSection(ProjectConfigurationPlatforms) = postSolution
		{79473749-4056-4ACB-8C6E-33D7E4C22A8E}.Debug|Any CPU.ActiveCfg = Debug|Any CPU
		{79473749-4056-4ACB-8C6E-33D7E4C22A8E}.Debug|Any CPU.Build.0 = Debug|Any CPU
		{79473749-4056-4ACB-8C6E-33D7E4C22A8E}.Release|Any CPU.ActiveCfg = Release|Any CPU
		{79473749-4056-4ACB-8C6E-33D7E4C22A8E}.Release|Any CPU.Build.0 = Release|Any CPU
	EndGlobalSection
	GlobalSection(SolutionProperties) = preSolution
		HideSolutionNode = FALSE
	EndGlobalSection
	GlobalSection(ExtensibilityGlobals) = postSolution
		SolutionGuid = {BECB8F66-8FB4-44D1-B7D5-DD24DAE313F2}
	EndGlobalSection
EndGlobal
